
Microsoft Visual Studio Solution File, Format Version 12.00
# Visual Studio Version 16
VisualStudioVersion = 16.0.30717.126
MinimumVisualStudioVersion = 10.0.40219.1
Project("{9A19103F-16F7-4668-BE54-9A1E7A4F7556}") = "PastePodWebApp", "PastePodWebApp\PastePodWebApp.csproj", "{1D24ED45-0B49-42CC-AEDF-09C428455FC3}"
EndProject
Global
	GlobalSection(SolutionConfigurationPlatforms) = preSolution
		Debug|Any CPU = Debug|Any CPU
		Release|Any CPU = Release|Any CPU
	EndGlobalSection
	GlobalSection(ProjectConfigurationPlatforms) = postSolution
		{1D24ED45-0B49-42CC-AEDF-09C428455FC3}.Debug|Any CPU.ActiveCfg = Debug|Any CPU
		{1D24ED45-0B49-42CC-AEDF-09C428455FC3}.Debug|Any CPU.Build.0 = Debug|Any CPU
		{1D24ED45-0B49-42CC-AEDF-09C428455FC3}.Release|Any CPU.ActiveCfg = Release|Any CPU
		{1D24ED45-0B49-42CC-AEDF-09C428455FC3}.Release|Any CPU.Build.0 = Release|Any CPU
	EndGlobalSection
	GlobalSection(SolutionProperties) = preSolution
		HideSolutionNode = FALSE
	EndGlobalSection
	GlobalSection(ExtensibilityGlobals) = postSolution
		SolutionGuid = {22D6C0A8-D526-40DF-86E0-0C1DDEEB7926}
	EndGlobalSection
EndGlobal
